
Microsoft Visual Studio Solution File, Format Version 12.00
# Visual Studio Version 17
VisualStudioVersion = 17.9.34728.123
MinimumVisualStudioVersion = 10.0.40219.1
Project("{FAE04EC0-301F-11D3-BF4B-00C04F79EFBC}") = "Productcrudbywindowsform", "Productcrudbywindowsform\Productcrudbywindowsform.csproj", "{F7B23696-7278-49D5-B406-B676F3667A76}"
EndProject
Global
	GlobalSection(SolutionConfigurationPlatforms) = preSolution
		Debug|Any CPU = Debug|Any CPU
		Release|Any CPU = Release|Any CPU
	EndGlobalSection
	GlobalSection(ProjectConfigurationPlatforms) = postSolution
		{F7B23696-7278-49D5-B406-B676F3667A76}.Debug|Any CPU.ActiveCfg = Debug|Any CPU
		{F7B23696-7278-49D5-B406-B676F3667A76}.Debug|Any CPU.Build.0 = Debug|Any CPU
		{F7B23696-7278-49D5-B406-B676F3667A76}.Release|Any CPU.ActiveCfg = Release|Any CPU
		{F7B23696-7278-49D5-B406-B676F3667A76}.Release|Any CPU.Build.0 = Release|Any CPU
	EndGlobalSection
	GlobalSection(SolutionProperties) = preSolution
		HideSolutionNode = FALSE
	EndGlobalSection
	GlobalSection(ExtensibilityGlobals) = postSolution
		SolutionGuid = {96EE173D-0E21-4887-8310-D7A992919FC6}
	EndGlobalSection
EndGlobal
